github.com/dvyukov/go-fuzz v0.0.0-20200318091601-be3528f3a813 h1:NgO45/5mBLRVfiXerEFzH6ikcZ7DNRPS639xFg3ENzU=
github.com/dvyukov/go-fuzz v0.0.0-20200318091601-be3528f3a813/go.mod h1:11Gm+ccJnvAhCNLlf5+cS9KjtbaD5I5zaZpFMsTHWTw=
github.com/zeebo/assert v1.1.0 h1:hU1L1vLTHsnO8x8c9KAR5GmM5QscxHg5RNU5z5qbUWY=
github.com/zeebo/assert v1.1.0/go.mod h1:Pq9JiuJQpG8JLJdtkwrJESF0Foym2/D9XMU5ciN/wJ0=
github.com/zeebo/wyhash v0.0.1 h1:VEByEMek3iHhV65CgG3SRAWVtg/6TcmbEKj5jPOKDrc=
github.com/zeebo/wyhash v0.0.1/go.mod h1:Ti+OwfNtM5AZiYAL0kOPIfliqDP5c0VtOnnMAqzuuZk=
